# THIS IS AN AUTOGENERATED FILE. DO NOT EDIT THIS FILE DIRECTLY.
# yarn lockfile v1


es-module-shims@^0.4.6:
  version "0.4.6"
  resolved "https://registry.npm.taobao.org/es-module-shims/download/es-module-shims-0.4.6.tgz#5decb313d52e5c62f6c19ed7e664ee9d66317d8a"
  integrity sha1-XeyzE9UuXGL2wZ7X5mTunWYxfYo=

fs-extra@^8.1.0:
  version "8.1.0"
  resolved "https://registry.npm.taobao.org/fs-extra/download/fs-extra-8.1.0.tgz#49d43c45a88cd9677668cb7be1b46efdb8d2e1c0"
  integrity sha1-SdQ8RaiM2Wd2aMt74bRu/bjS4cA=
  dependencies:
    graceful-fs "^4.2.0"
    jsonfile "^4.0.0"
    universalify "^0.1.0"

graceful-fs@^4.1.11, graceful-fs@^4.1.6, graceful-fs@^4.2.0:
  version "4.2.3"
  resolved "https://registry.npm.taobao.org/graceful-fs/download/graceful-fs-4.2.3.tgz#4a12ff1b60376ef09862c2093edd908328be8423"
  integrity sha1-ShL/G2A3bvCYYsIJPt2Qgyi+hCM=

jsonfile@^4.0.0:
  version "4.0.0"
  resolved "https://registry.npm.taobao.org/jsonfile/download/jsonfile-4.0.0.tgz#8771aae0799b64076b76640fca058f9c10e33ecb"
  integrity sha1-h3Gq4HmbZAdrdmQPygWPnBDjPss=
  optionalDependencies:
    graceful-fs "^4.1.6"

klaw-sync@^6.0.0:
  version "6.0.0"
  resolved "https://registry.npm.taobao.org/klaw-sync/download/klaw-sync-6.0.0.tgz#1fd2cfd56ebb6250181114f0a581167099c2b28c"
  integrity sha1-H9LP1W67YlAYERTwpYEWcJnCsow=
  dependencies:
    graceful-fs "^4.1.11"

lit-element@^2.2.1:
  version "2.2.1"
  resolved "https://registry.npmjs.org/lit-element/-/lit-element-2.2.1.tgz#79c94d8cfdc2d73b245656e37991bd1e4811d96f"
  integrity sha512-ipDcgQ1EpW6Va2Z6dWm79jYdimVepO5GL0eYkZrFvdr0OD/1N260Q9DH+K5HXHFrRoC7dOg+ZpED2XE0TgGdXw==
  dependencies:
    lit-html "^1.0.0"

lit-html@^1.0.0:
  version "1.1.2"
  resolved "https://registry.npmjs.org/lit-html/-/lit-html-1.1.2.tgz#2e3560a7075210243649c888ad738eaf0daa8374"
  integrity sha512-FFlUMKHKi+qG1x1iHNZ1hrtc/zHmfYTyrSvs3/wBTvaNtpZjOZGWzU7efGYVpgp6KvWeKF6ql9/KsCq6Z/mEDA==

lru-cache@2.5.0:
  version "2.5.0"
  resolved "https://registry.npm.taobao.org/lru-cache/download/lru-cache-2.5.0.tgz#d82388ae9c960becbea0c73bb9eb79b6c6ce9aeb"
  integrity sha1-2COIrpyWC+y+oMc7uet5tsbOmus=

memoizeasync@^1.1.0:
  version "1.1.0"
  resolved "https://registry.npm.taobao.org/memoizeasync/download/memoizeasync-1.1.0.tgz#9d7028a6f266deb733510bb7dbba5f51878c561e"
  integrity sha1-nXAopvJm3rczUQu327pfUYeMVh4=
  dependencies:
    lru-cache "2.5.0"
    passerror "1.1.1"

passerror@1.1.1:
  version "1.1.1"
  resolved "https://registry.npm.taobao.org/passerror/download/passerror-1.1.1.tgz#a25b88dbdd910a29603aec7dcb96e9a7a97687b4"
  integrity sha1-oluI292RCilgOux9y5bpp6l2h7Q=

pngjs@^3.4.0:
  version "3.4.0"
  resolved "https://registry.npm.taobao.org/pngjs/download/pngjs-3.4.0.tgz#99ca7d725965fb655814eaf65f38f12bbdbf555f"
  integrity sha1-mcp9clll+2VYFOr2XzjxK72/VV8=

pnotify@^4.0.0:
  version "4.0.0"
  resolved "https://registry.npm.taobao.org/pnotify/download/pnotify-4.0.0.tgz#22b29ae91f0f4727cb3caf137411d0e3777a8017"
  integrity sha1-IrKa6R8PRyfLPK8TdBHQ43d6gBc=

"promise-nodeify@>= 0.1":
  version "3.0.1"
  resolved "https://registry.npm.taobao.org/promise-nodeify/download/promise-nodeify-3.0.1.tgz#f0f5d9720ee9ec71dd2bfa92667be504c10229c2"
  integrity sha1-8PXZcg7p7HHdK/qSZnvlBMECKcI=

"proxying-agent@>= 2.1":
  version "2.4.0"
  resolved "https://registry.npm.taobao.org/proxying-agent/download/proxying-agent-2.4.0.tgz#6796549fc46bf3423554440f64a4449220f9014d"
  integrity sha1-Z5ZUn8Rr80I1VEQPZKREkiD5AU0=

tinify@^1.6.0-beta.2:
  version "1.6.0-beta.2"
  resolved "https://registry.npm.taobao.org/tinify/download/tinify-1.6.0-beta.2.tgz#5985ca021d11685d846c53ac8465dce78116adfe"
  integrity sha1-WYXKAh0RaF2EbFOshGXc54EWrf4=
  dependencies:
    promise-nodeify ">= 0.1"
    proxying-agent ">= 2.1"

universalify@^0.1.0:
  version "0.1.2"
  resolved "https://registry.npm.taobao.org/universalify/download/universalify-0.1.2.tgz#b646f69be3942dabcecc9d6639c80dc105efaa66"
  integrity sha1-tkb2m+OULavOzJ1mOcgNwQXvqmY=
